// !$*UTF8*$!
{
	archiveVersion = 1;
	classes = {
	};
	objectVersion = 46;
	objects = {

/* Begin PBXBuildFile section */
		A831866A1C483AB30014C01C /* main.m in Sources */ = {isa = PBXBuildFile; fileRef = A83186691C483AB30014C01C /* main.m */; };
		A831866D1C483AB30014C01C /* AppDelegate.m in Sources */ = {isa = PBXBuildFile; fileRef = A831866C1C483AB30014C01C /* AppDelegate.m */; };
		A83186701C483AB30014C01C /* ViewController.m in Sources */ = {isa = PBXBuildFile; fileRef = A831866F1C483AB30014C01C /* ViewController.m */; };
		A83186731C483AB30014C01C /* Main.storyboard in Resources */ = {isa = PBXBuildFile; fileRef = A83186711C483AB30014C01C /* Main.storyboard */; };
		A83186761C483AB30014C01C /* TicToe.xcdatamodeld in Sources */ = {isa = PBXBuildFile; fileRef = A83186741C483AB30014C01C /* TicToe.xcdatamodeld */; };
		A83186781C483AB30014C01C /* Assets.xcassets in Resources */ = {isa = PBXBuildFile; fileRef = A83186771C483AB30014C01C /* Assets.xcassets */; };
		A831867B1C483AB30014C01C /* LaunchScreen.storyboard in Resources */ = {isa = PBXBuildFile; fileRef = A83186791C483AB30014C01C /* LaunchScreen.storyboard */; };
		A83186861C483AB30014C01C /* TicToeTests.m in Sources */ = {isa = PBXBuildFile; fileRef = A83186851C483AB30014C01C /* TicToeTests.m */; };
		A83186911C483AB30014C01C /* TicToeUITests.m in Sources */ = {isa = PBXBuildFile; fileRef = A83186901C483AB30014C01C /* TicToeUITests.m */; };
/* End PBXBuildFile section */

/* Begin PBXContainerItemProxy section */
		A83186821C483AB30014C01C /* PBXContainerItemProxy */ = {
			isa = PBXContainerItemProxy;
			containerPortal = A831865D1C483AB20014C01C /* Project object */;
			proxyType = 1;
			remoteGlobalIDString = A83186641C483AB30014C01C;
			remoteInfo = TicToe;
		};
		A831868D1C483AB30014C01C /* PBXContainerItemProxy */ = {
			isa = PBXContainerItemProxy;
			containerPortal = A831865D1C483AB20014C01C /* Project object */;
			proxyType = 1;
			remoteGlobalIDString = A83186641C483AB30014C01C;
			remoteInfo = TicToe;
		};
/* End PBXContainerItemProxy section */

/* Begin PBXFileReference section */
		A83186651C483AB30014C01C /* TicToe.app */ = {isa = PBXFileReference; explicitFileType = wrapper.application; includeInIndex = 0; path = TicToe.app; sourceTree = BUILT_PRODUCTS_DIR; };
		A83186691C483AB30014C01C /* main.m */ = {isa = PBXFileReference; lastKnownFileType = sourcecode.c.objc; path = main.m; sourceTree = "<group>"; };
		A831866B1C483AB30014C01C /* AppDelegate.h */ = {isa = PBXFileReference; lastKnownFileType = sourcecode.c.h; path = AppDelegate.h; sourceTree = "<group>"; };
		A831866C1C483AB30014C01C /* AppDelegate.m */ = {isa = PBXFileReference; lastKnownFileType = sourcecode.c.objc; path = AppDelegate.m; sourceTree = "<group>"; };
		A831866E1C483AB30014C01C /* ViewController.h */ = {isa = PBXFileReference; lastKnownFileType = sourcecode.c.h; path = ViewController.h; sourceTree = "<group>"; };
		A831866F1C483AB30014C01C /* ViewController.m */ = {isa = PBXFileReference; lastKnownFileType = sourcecode.c.objc; path = ViewController.m; sourceTree = "<group>"; };
		A83186721C483AB30014C01C /* Base */ = {isa = PBXFileReference; lastKnownFileType = file.storyboard; name = Base; path = Base.lproj/Main.storyboard; sourceTree = "<group>"; };
		A83186751C483AB30014C01C /* TicToe.xcdatamodel */ = {isa = PBXFileReference; lastKnownFileType = wrapper.xcdatamodel; path = TicToe.xcdatamodel; sourceTree = "<group>"; };
		A83186771C483AB30014C01C /* Assets.xcassets */ = {isa = PBXFileReference; lastKnownFileType = folder.assetcatalog; path = Assets.xcassets; sourceTree = "<group>"; };
		A831867A1C483AB30014C01C /* Base */ = {isa = PBXFileReference; lastKnownFileType = file.storyboard; name = Base; path = Base.lproj/LaunchScreen.storyboard; sourceTree = "<group>"; };
		A831867C1C483AB30014C01C /* Info.plist */ = {isa = PBXFileReference; lastKnownFileType = text.plist.xml; path = Info.plist; sourceTree = "<group>"; };
		A83186811C483AB30014C01C /* TicToeTests.xctest */ = {isa = PBXFileReference; explicitFileType = wrapper.cfbundle; includeInIndex = 0; path = TicToeTests.xctest; sourceTree = BUILT_PRODUCTS_DIR; };
		A83186851C483AB30014C01C /* TicToeTests.m */ = {isa = PBXFileReference; lastKnownFileType = sourcecode.c.objc; path = TicToeTests.m; sourceTree = "<group>"; };
		A83186871C483AB30014C01C /* Info.plist */ = {isa = PBXFileReference; lastKnownFileType = text.plist.xml; path = Info.plist; sourceTree = "<group>"; };
		A831868C1C483AB30014C01C /* TicToeUITests.xctest */ = {isa = PBXFileReference; explicitFileType = wrapper.cfbundle; includeInIndex = 0; path = TicToeUITests.xctest; sourceTree = BUILT_PRODUCTS_DIR; };
		A83186901C483AB30014C01C /* TicToeUITests.m */ = {isa = PBXFileReference; lastKnownFileType = sourcecode.c.objc; path = TicToeUITests.m; sourceTree = "<group>"; };
		A83186921C483AB30014C01C /* Info.plist */ = {isa = PBXFileReference; lastKnownFileType = text.plist.xml; path = Info.plist; sourceTree = "<group>"; };
/* End PBXFileReference section */

/* Begin PBXFrameworksBuildPhase section */
		A83186621C483AB30014C01C /* Frameworks */ = {
			isa = PBXFrameworksBuildPhase;
			buildActionMask = 2147483647;
			files = (
			);
			runOnlyForDeploymentPostprocessing = 0;
		};
		A831867E1C483AB30014C01C /* Frameworks */ = {
			isa = PBXFrameworksBuildPhase;
			buildActionMask = 2147483647;
			files = (
			);
			runOnlyForDeploymentPostprocessing = 0;
		};
		A83186891C483AB30014C01C /* Frameworks */ = {
			isa = PBXFrameworksBuildPhase;
			buildActionMask = 2147483647;
			files = (
			);
			runOnlyForDeploymentPostprocessing = 0;
		};
/* End PBXFrameworksBuildPhase section */

/* Begin PBXGroup section */
		A831865C1C483AB20014C01C = {
			isa = PBXGroup;
			children = (
				A83186671C483AB30014C01C /* TicToe */,
				A83186841C483AB30014C01C /* TicToeTests */,
				A831868F1C483AB30014C01C /* TicToeUITests */,
				A83186661C483AB30014C01C /* Products */,
			);
			sourceTree = "<group>";
		};
		A83186661C483AB30014C01C /* Products */ = {
			isa = PBXGroup;
			children = (
				A83186651C483AB30014C01C /* TicToe.app */,
				A83186811C483AB30014C01C /* TicToeTests.xctest */,
				A831868C1C483AB30014C01C /* TicToeUITests.xctest */,
			);
			name = Products;
			sourceTree = "<group>";
		};
		A83186671C483AB30014C01C /* TicToe */ = {
			isa = PBXGroup;
			children = (
				A831866B1C483AB30014C01C /* AppDelegate.h */,
				A831866C1C483AB30014C01C /* AppDelegate.m */,
				A831866E1C483AB30014C01C /* ViewController.h */,
				A831866F1C483AB30014C01C /* ViewController.m */,
				A83186711C483AB30014C01C /* Main.storyboard */,
				A83186771C483AB30014C01C /* Assets.xcassets */,
				A83186791C483AB30014C01C /* LaunchScreen.storyboard */,
				A831867C1C483AB30014C01C /* Info.plist */,
				A83186741C483AB30014C01C /* TicToe.xcdatamodeld */,
				A83186681C483AB30014C01C /* Supporting Files */,
			);
			path = TicToe;
			sourceTree = "<group>";
		};
		A83186681C483AB30014C01C /* Supporting Files */ = {
			isa = PBXGroup;
			children = (
				A83186691C483AB30014C01C /* main.m */,
			);
			name = "Supporting Files";
			sourceTree = "<group>";
		};
		A83186841C483AB30014C01C /* TicToeTests */ = {
			isa = PBXGroup;
			children = (
				A83186851C483AB30014C01C /* TicToeTests.m */,
				A83186871C483AB30014C01C /* Info.plist */,
			);
			path = TicToeTests;
			sourceTree = "<group>";
		};
		A831868F1C483AB30014C01C /* TicToeUITests */ = {
			isa = PBXGroup;
			children = (
				A83186901C483AB30014C01C /* TicToeUITests.m */,
				A83186921C483AB30014C01C /* Info.plist */,
			);
			path = TicToeUITests;
			sourceTree = "<group>";
		};
/* End PBXGroup section */

/* Begin PBXNativeTarget section */
		A83186641C483AB30014C01C /* TicToe */ = {
			isa = PBXNativeTarget;
			buildConfigurationList = A83186951C483AB30014C01C /* Build configuration list for PBXNativeTarget "TicToe" */;
			buildPhases = (
				A83186611C483AB30014C01C /* Sources */,
				A83186621C483AB30014C01C /* Frameworks */,
				A83186631C483AB30014C01C /* Resources */,
			);
			buildRules = (
			);
			dependencies = (
			);
			name = TicToe;
			productName = TicToe;
			productReference = A83186651C483AB30014C01C /* TicToe.app */;
			productType = "com.apple.product-type.application";
		};
		A83186801C483AB30014C01C /* TicToeTests */ = {
			isa = PBXNativeTarget;
			buildConfigurationList = A83186981C483AB30014C01C /* Build configuration list for PBXNativeTarget "TicToeTests" */;
			buildPhases = (
				A831867D1C483AB30014C01C /* Sources */,
				A831867E1C483AB30014C01C /* Frameworks */,
				A831867F1C483AB30014C01C /* Resources */,
			);
			buildRules = (
			);
			dependencies = (
				A83186831C483AB30014C01C /* PBXTargetDependency */,
			);
			name = TicToeTests;
			productName = TicToeTests;
			productReference = A83186811C483AB30014C01C /* TicToeTests.xctest */;
			productType = "com.apple.product-type.bundle.unit-test";
		};
		A831868B1C483AB30014C01C /* TicToeUITests */ = {
			isa = PBXNativeTarget;
			buildConfigurationList = A831869B1C483AB30014C01C /* Build configuration list for PBXNativeTarget "TicToeUITests" */;
			buildPhases = (
				A83186881C483AB30014C01C /* Sources */,
				A83186891C483AB30014C01C /* Frameworks */,
				A831868A1C483AB30014C01C /* Resources */,
			);
			buildRules = (
			);
			dependencies = (
				A831868E1C483AB30014C01C /* PBXTargetDependency */,
			);
			name = TicToeUITests;
			productName = TicToeUITests;
			productReference = A831868C1C483AB30014C01C /* TicToeUITests.xctest */;
			productType = "com.apple.product-type.bundle.ui-testing";
		};
/* End PBXNativeTarget section */

/* Begin PBXProject section */
		A831865D1C483AB20014C01C /* Project object */ = {
			isa = PBXProject;
			attributes = {
				LastUpgradeCheck = 0720;
				ORGANIZATIONNAME = "Matt Deuschle";
				TargetAttributes = {
					A83186641C483AB30014C01C = {
						CreatedOnToolsVersion = 7.2;
						DevelopmentTeam = EUAKYK4NXS;
					};
					A83186801C483AB30014C01C = {
						CreatedOnToolsVersion = 7.2;
						DevelopmentTeam = EUAKYK4NXS;
						TestTargetID = A83186641C483AB30014C01C;
					};
					A831868B1C483AB30014C01C = {
						CreatedOnToolsVersion = 7.2;
						DevelopmentTeam = EUAKYK4NXS;
						TestTargetID = A83186641C483AB30014C01C;
					};
				};
			};
			buildConfigurationList = A83186601C483AB20014C01C /* Build configuration list for PBXProject "TicToe" */;
			compatibilityVersion = "Xcode 3.2";
			developmentRegion = English;
			hasScannedForEncodings = 0;
			knownRegions = (
				en,
				Base,
			);
			mainGroup = A831865C1C483AB20014C01C;
			productRefGroup = A83186661C483AB30014C01C /* Products */;
			projectDirPath = "";
			projectRoot = "";
			targets = (
				A83186641C483AB30014C01C /* TicToe */,
				A83186801C483AB30014C01C /* TicToeTests */,
				A831868B1C483AB30014C01C /* TicToeUITests */,
			);
		};
/* End PBXProject section */

/* Begin PBXResourcesBuildPhase section */
		A83186631C483AB30014C01C /* Resources */ = {
			isa = PBXResourcesBuildPhase;
			buildActionMask = 2147483647;
			files = (
				A831867B1C483AB30014C01C /* LaunchScreen.storyboard in Resources */,
				A83186781C483AB30014C01C /* Assets.xcassets in Resources */,
				A83186731C483AB30014C01C /* Main.storyboard in Resources */,
			);
			runOnlyForDeploymentPostprocessing = 0;
		};
		A831867F1C483AB30014C01C /* Resources */ = {
			isa = PBXResourcesBuildPhase;
			buildActionMask = 2147483647;
			files = (
			);
			runOnlyForDeploymentPostprocessing = 0;
		};
		A831868A1C483AB30014C01C /* Resources */ = {
			isa = PBXResourcesBuildPhase;
			buildActionMask = 2147483647;
			files = (
			);
			runOnlyForDeploymentPostprocessing = 0;
		};
/* End PBXResourcesBuildPhase section */

/* Begin PBXSourcesBuildPhase section */
		A83186611C483AB30014C01C /* Sources */ = {
			isa = PBXSourcesBuildPhase;
			buildActionMask = 2147483647;
			files = (
				A83186701C483AB30014C01C /* ViewController.m in Sources */,
				A831866D1C483AB30014C01C /* AppDelegate.m in Sources */,
				A831866A1C483AB30014C01C /* main.m in Sources */,
				A83186761C483AB30014C01C /* TicToe.xcdatamodeld in Sources */,
			);
			runOnlyForDeploymentPostprocessing = 0;
		};
		A831867D1C483AB30014C01C /* Sources */ = {
			isa = PBXSourcesBuildPhase;
			buildActionMask = 2147483647;
			files = (
				A83186861C483AB30014C01C /* TicToeTests.m in Sources */,
			);
			runOnlyForDeploymentPostprocessing = 0;
		};
		A83186881C483AB30014C01C /* Sources */ = {
			isa = PBXSourcesBuildPhase;
			buildActionMask = 2147483647;
			files = (
				A83186911C483AB30014C01C /* TicToeUITests.m in Sources */,
			);
			runOnlyForDeploymentPostprocessing = 0;
		};
/* End PBXSourcesBuildPhase section */

/* Begin PBXTargetDependency section */
		A83186831C483AB30014C01C /* PBXTargetDependency */ = {
			isa = PBXTargetDependency;
			target = A83186641C483AB30014C01C /* TicToe */;
			targetProxy = A83186821C483AB30014C01C /* PBXContainerItemProxy */;
		};
		A831868E1C483AB30014C01C /* PBXTargetDependency */ = {
			isa = PBXTargetDependency;
			target = A83186641C483AB30014C01C /* TicToe */;
			targetProxy = A831868D1C483AB30014C01C /* PBXContainerItemProxy */;
		};
/* End PBXTargetDependency section */

/* Begin PBXVariantGroup section */
		A83186711C483AB30014C01C /* Main.storyboard */ = {
			isa = PBXVariantGroup;
			children = (
				A83186721C483AB30014C01C /* Base */,
			);
			name = Main.storyboard;
			sourceTree = "<group>";
		};
		A83186791C483AB30014C01C /* LaunchScreen.storyboard */ = {
			isa = PBXVariantGroup;
			children = (
				A831867A1C483AB30014C01C /* Base */,
			);
			name = LaunchScreen.storyboard;
			sourceTree = "<group>";
		};
/* End PBXVariantGroup section */

/* Begin XCBuildConfiguration section */
		A83186931C483AB30014C01C /* Debug */ = {
			isa = XCBuildConfiguration;
			buildSettings = {
				ALWAYS_SEARCH_USER_PATHS = NO;
				CLANG_CXX_LANGUAGE_STANDARD = "gnu++0x";
				CLANG_CXX_LIBRARY = "libc++";
				CLANG_ENABLE_MODULES = YES;
				CLANG_ENABLE_OBJC_ARC = YES;
				CLANG_WARN_BOOL_CONVERSION = YES;
				CLANG_WARN_CONSTANT_CONVERSION = YES;
				CLANG_WARN_DIRECT_OBJC_ISA_USAGE = YES_ERROR;
				CLANG_WARN_EMPTY_BODY = YES;
				CLANG_WARN_ENUM_CONVERSION = YES;
				CLANG_WARN_INT_CONVERSION = YES;
				CLANG_WARN_OBJC_ROOT_CLASS = YES_ERROR;
				CLANG_WARN_UNREACHABLE_CODE = YES;
				CLANG_WARN__DUPLICATE_METHOD_MATCH = YES;
				"CODE_SIGN_IDENTITY[sdk=iphoneos*]" = "iPhone Developer";
				COPY_PHASE_STRIP = NO;
				DEBUG_INFORMATION_FORMAT = dwarf;
				ENABLE_STRICT_OBJC_MSGSEND = YES;
				ENABLE_TESTABILITY = YES;
				GCC_C_LANGUAGE_STANDARD = gnu99;
				GCC_DYNAMIC_NO_PIC = NO;
				GCC_NO_COMMON_BLOCKS = YES;
				GCC_OPTIMIZATION_LEVEL = 0;
				GCC_PREPROCESSOR_DEFINITIONS = (
					"DEBUG=1",
					"$(inherited)",
				);
				GCC_WARN_64_TO_32_BIT_CONVERSION = YES;
				GCC_WARN_ABOUT_RETURN_TYPE = YES_ERROR;
				GCC_WARN_UNDECLARED_SELECTOR = YES;
				GCC_WARN_UNINITIALIZED_AUTOS = YES_AGGRESSIVE;
				GCC_WARN_UNUSED_FUNCTION = YES;
				GCC_WARN_UNUSED_VARIABLE = YES;
				IPHONEOS_DEPLOYMENT_TARGET = 9.2;
				MTL_ENABLE_DEBUG_INFO = YES;
				ONLY_ACTIVE_ARCH = YES;
				SDKROOT = iphoneos;
				TARGETED_DEVICE_FAMILY = "1,2";
			};
			name = Debug;
		};
		A83186941C483AB30014C01C /* Release */ = {
			isa = XCBuildConfiguration;
			buildSettings = {
				ALWAYS_SEARCH_USER_PATHS = NO;
				CLANG_CXX_LANGUAGE_STANDARD = "gnu++0x";
				CLANG_CXX_LIBRARY = "libc++";
				CLANG_ENABLE_MODULES = YES;
				CLANG_ENABLE_OBJC_ARC = YES;
				CLANG_WARN_BOOL_CONVERSION = YES;
				CLANG_WARN_CONSTANT_CONVERSION = YES;
				CLANG_WARN_DIRECT_OBJC_ISA_USAGE = YES_ERROR;
				CLANG_WARN_EMPTY_BODY = YES;
				CLANG_WARN_ENUM_CONVERSION = YES;
				CLANG_WARN_INT_CONVERSION = YES;
				CLANG_WARN_OBJC_ROOT_CLASS = YES_ERROR;
				CLANG_WARN_UNREACHABLE_CODE = YES;
				CLANG_WARN__DUPLICATE_METHOD_MATCH = YES;
				"CODE_SIGN_IDENTITY[sdk=iphoneos*]" = "iPhone Developer";
				COPY_PHASE_STRIP = NO;
				DEBUG_INFORMATION_FORMAT = "dwarf-with-dsym";
				ENABLE_NS_ASSERTIONS = NO;
				ENABLE_STRICT_OBJC_MSGSEND = YES;
				GCC_C_LANGUAGE_STANDARD = gnu99;
				GCC_NO_COMMON_BLOCKS = YES;
				GCC_WARN_64_TO_32_BIT_CONVERSION = YES;
				GCC_WARN_ABOUT_RETURN_TYPE = YES_ERROR;
				GCC_WARN_UNDECLARED_SELECTOR = YES;
				GCC_WARN_UNINITIALIZED_AUTOS = YES_AGGRESSIVE;
				GCC_WARN_UNUSED_FUNCTION = YES;
				GCC_WARN_UNUSED_VARIABLE = YES;
				IPHONEOS_DEPLOYMENT_TARGET = 9.2;
				MTL_ENABLE_DEBUG_INFO = NO;
				SDKROOT = iphoneos;
				TARGETED_DEVICE_FAMILY = "1,2";
				VALIDATE_PRODUCT = YES;
			};
			name = Release;
		};
		A83186961C483AB30014C01C /* Debug */ = {
			isa = XCBuildConfiguration;
			buildSettings = {
				ASSETCATALOG_COMPILER_APPICON_NAME = AppIcon;
				INFOPLIST_FILE = TicToe/Info.plist;
				LD_RUNPATH_SEARCH_PATHS = "$(inherited) @executable_path/Frameworks";
				PRODUCT_BUNDLE_IDENTIFIER = mattdeuschle.TicToe;
				PRODUCT_NAME = "$(TARGET_NAME)";
			};
			name = Debug;
		};
		A83186971C483AB30014C01C /* Release */ = {
			isa = XCBuildConfiguration;
			buildSettings = {
				ASSETCATALOG_COMPILER_APPICON_NAME = AppIcon;
				INFOPLIST_FILE = TicToe/Info.plist;
				LD_RUNPATH_SEARCH_PATHS = "$(inherited) @executable_path/Frameworks";
				PRODUCT_BUNDLE_IDENTIFIER = mattdeuschle.TicToe;
				PRODUCT_NAME = "$(TARGET_NAME)";
			};
			name = Release;
		};
		A83186991C483AB30014C01C /* Debug */ = {
			isa = XCBuildConfiguration;
			buildSettings = {
				BUNDLE_LOADER = "$(TEST_HOST)";
				INFOPLIST_FILE = TicToeTests/Info.plist;
				LD_RUNPATH_SEARCH_PATHS = "$(inherited) @executable_path/Frameworks @loader_path/Frameworks";
				PRODUCT_BUNDLE_IDENTIFIER = mattdeuschle.TicToeTests;
				PRODUCT_NAME = "$(TARGET_NAME)";
				TEST_HOST = "$(BUILT_PRODUCTS_DIR)/TicToe.app/TicToe";
			};
			name = Debug;
		};
		A831869A1C483AB30014C01C /* Release */ = {
			isa = XCBuildConfiguration;
			buildSettings = {
				BUNDLE_LOADER = "$(TEST_HOST)";
				INFOPLIST_FILE = TicToeTests/Info.plist;
				LD_RUNPATH_SEARCH_PATHS = "$(inherited) @executable_path/Frameworks @loader_path/Frameworks";
				PRODUCT_BUNDLE_IDENTIFIER = mattdeuschle.TicToeTests;
				PRODUCT_NAME = "$(TARGET_NAME)";
				TEST_HOST = "$(BUILT_PRODUCTS_DIR)/TicToe.app/TicToe";
			};
			name = Release;
		};
		A831869C1C483AB30014C01C /* Debug */ = {
			isa = XCBuildConfiguration;
			buildSettings = {
				INFOPLIST_FILE = TicToeUITests/Info.plist;
				LD_RUNPATH_SEARCH_PATHS = "$(inherited) @executable_path/Frameworks @loader_path/Frameworks";
				PRODUCT_BUNDLE_IDENTIFIER = mattdeuschle.TicToeUITests;
				PRODUCT_NAME = "$(TARGET_NAME)";
				TEST_TARGET_NAME = TicToe;
				USES_XCTRUNNER = YES;
			};
			name = Debug;
		};
		A831869D1C483AB30014C01C /* Release */ = {
			isa = XCBuildConfiguration;
			buildSettings = {
				INFOPLIST_FILE = TicToeUITests/Info.plist;
				LD_RUNPATH_SEARCH_PATHS = "$(inherited) @executable_path/Frameworks @loader_path/Frameworks";
				PRODUCT_BUNDLE_IDENTIFIER = mattdeuschle.TicToeUITests;
				PRODUCT_NAME = "$(TARGET_NAME)";
				TEST_TARGET_NAME = TicToe;
				USES_XCTRUNNER = YES;
			};
			name = Release;
		};
/* End XCBuildConfiguration section */

/* Begin XCConfigurationList section */
		A83186601C483AB20014C01C /* Build configuration list for PBXProject "TicToe" */ = {
			isa = XCConfigurationList;
			buildConfigurations = (
				A83186931C483AB30014C01C /* Debug */,
				A83186941C483AB30014C01C /* Release */,
			);
			defaultConfigurationIsVisible = 0;
			defaultConfigurationName = Release;
		};
		A83186951C483AB30014C01C /* Build configuration list for PBXNativeTarget "TicToe" */ = {
			isa = XCConfigurationList;
			buildConfigurations = (
				A83186961C483AB30014C01C /* Debug */,
				A83186971C483AB30014C01C /* Release */,
			);
			defaultConfigurationIsVisible = 0;
		};
		A83186981C483AB30014C01C /* Build configuration list for PBXNativeTarget "TicToeTests" */ = {
			isa = XCConfigurationList;
			buildConfigurations = (
				A83186991C483AB30014C01C /* Debug */,
				A831869A1C483AB30014C01C /* Release */,
			);
			defaultConfigurationIsVisible = 0;
		};
		A831869B1C483AB30014C01C /* Build configuration list for PBXNativeTarget "TicToeUITests" */ = {
			isa = XCConfigurationList;
			buildConfigurations = (
				A831869C1C483AB30014C01C /* Debug */,
				A831869D1C483AB30014C01C /* Release */,
			);
			defaultConfigurationIsVisible = 0;
		};
/* End XCConfigurationList section */

/* Begin XCVersionGroup section */
		A83186741C483AB30014C01C /* TicToe.xcdatamodeld */ = {
			isa = XCVersionGroup;
			children = (
				A83186751C483AB30014C01C /* TicToe.xcdatamodel */,
			);
			currentVersion = A83186751C483AB30014C01C /* TicToe.xcdatamodel */;
			path = TicToe.xcdatamodeld;
			sourceTree = "<group>";
			versionGroupType = wrapper.xcdatamodel;
		};
/* End XCVersionGroup section */
	};
	rootObject = A831865D1C483AB20014C01C /* Project object */;
}
